{
  "requires": true,
  "lockfileVersion": 1,
  "dependencies": {
    "mapkick": {
      "version": "0.2.6",
      "resolved": "https://registry.npmjs.org/mapkick/-/mapkick-0.2.6.tgz",
      "integrity": "sha512-sDfPCOhTpQrzJc3Yzwg5XOBy5o2TTNEfH2dG2QZM7RUtfQzhY+xErfhQHrQvSOaWbf4zOegPq/dhaWuv2fo4CA=="
    }
  }
}
